
Microsoft Visual Studio Solution File, Format Version 12.00
# Visual Studio Version 17
VisualStudioVersion = 17.5.33516.290
MinimumVisualStudioVersion = 10.0.40219.1
Project("{FAE04EC0-301F-11D3-BF4B-00C04F79EFBC}") = "InterviewQuestions", "InterviewQuestions\InterviewQuestions.csproj", "{E487BA30-79FA-4358-94DB-97B4C9EE2FFF}"
EndProject
Project("{FAE04EC0-301F-11D3-BF4B-00C04F79EFBC}") = "InterviewQuestions.Tests", "InterviewQuestions.Tests\InterviewQuestions.Tests.csproj", "{3129B0DA-C5AB-439F-A969-827FD2DF5664}"
EndProject
Global
	GlobalSection(SolutionConfigurationPlatforms) = preSolution
		Debug|Any CPU = Debug|Any CPU
		Release|Any CPU = Release|Any CPU
	EndGlobalSection
	GlobalSection(ProjectConfigurationPlatforms) = postSolution
		{E487BA30-79FA-4358-94DB-97B4C9EE2FFF}.Debug|Any CPU.ActiveCfg = Debug|Any CPU
		{E487BA30-79FA-4358-94DB-97B4C9EE2FFF}.Debug|Any CPU.Build.0 = Debug|Any CPU
		{E487BA30-79FA-4358-94DB-97B4C9EE2FFF}.Release|Any CPU.ActiveCfg = Release|Any CPU
		{E487BA30-79FA-4358-94DB-97B4C9EE2FFF}.Release|Any CPU.Build.0 = Release|Any CPU
		{3129B0DA-C5AB-439F-A969-827FD2DF5664}.Debug|Any CPU.ActiveCfg = Debug|Any CPU
		{3129B0DA-C5AB-439F-A969-827FD2DF5664}.Debug|Any CPU.Build.0 = Debug|Any CPU
		{3129B0DA-C5AB-439F-A969-827FD2DF5664}.Release|Any CPU.ActiveCfg = Release|Any CPU
		{3129B0DA-C5AB-439F-A969-827FD2DF5664}.Release|Any CPU.Build.0 = Release|Any CPU
	EndGlobalSection
	GlobalSection(SolutionProperties) = preSolution
		HideSolutionNode = FALSE
	EndGlobalSection
	GlobalSection(ExtensibilityGlobals) = postSolution
		SolutionGuid = {A8FDA321-E5F1-4B11-A2A9-B66947EA7DD8}
	EndGlobalSection
EndGlobal
